Microsoft Visual Studio Solution File, Format Version 12.00
# Visual Studio Version 17
VisualStudioVersion = 17.5.2.0
MinimumVisualStudioVersion = 10.0.40219.1
Project("{FAE04EC0-301F-11D3-BF4B-00C04F79EFBC}") = "task7.1", "task7.1.csproj", "{5AD17F8B-5530-A6E8-673C-922EA6038C6E}"
EndProject
Global
	GlobalSection(SolutionConfigurationPlatforms) = preSolution
		Debug|Any CPU = Debug|Any CPU
		Release|Any CPU = Release|Any CPU
	EndGlobalSection
	GlobalSection(ProjectConfigurationPlatforms) = postSolution
		{5AD17F8B-5530-A6E8-673C-922EA6038C6E}.Debug|Any CPU.ActiveCfg = Debug|Any CPU
		{5AD17F8B-5530-A6E8-673C-922EA6038C6E}.Debug|Any CPU.Build.0 = Debug|Any CPU
		{5AD17F8B-5530-A6E8-673C-922EA6038C6E}.Release|Any CPU.ActiveCfg = Release|Any CPU
		{5AD17F8B-5530-A6E8-673C-922EA6038C6E}.Release|Any CPU.Build.0 = Release|Any CPU
	EndGlobalSection
	GlobalSection(SolutionProperties) = preSolution
		HideSolutionNode = FALSE
	EndGlobalSection
	GlobalSection(ExtensibilityGlobals) = postSolution
		SolutionGuid = {CE7A79A1-D757-43BC-8B0E-E6F91AF38B7C}
	EndGlobalSection
EndGlobal
