Microsoft Visual Studio Solution File, Format Version 12.00
# Visual Studio Version 17
VisualStudioVersion = 17.5.2.0
MinimumVisualStudioVersion = 10.0.40219.1
Project("{FAE04EC0-301F-11D3-BF4B-00C04F79EFBC}") = "swinAdventure", "swinAdventure.csproj", "{067FCA2C-2908-9D08-890D-2A005DCEAF09}"
EndProject
Global
	GlobalSection(SolutionConfigurationPlatforms) = preSolution
		Debug|Any CPU = Debug|Any CPU
		Release|Any CPU = Release|Any CPU
	EndGlobalSection
	GlobalSection(ProjectConfigurationPlatforms) = postSolution
		{067FCA2C-2908-9D08-890D-2A005DCEAF09}.Debug|Any CPU.ActiveCfg = Debug|Any CPU
		{067FCA2C-2908-9D08-890D-2A005DCEAF09}.Debug|Any CPU.Build.0 = Debug|Any CPU
		{067FCA2C-2908-9D08-890D-2A005DCEAF09}.Release|Any CPU.ActiveCfg = Release|Any CPU
		{067FCA2C-2908-9D08-890D-2A005DCEAF09}.Release|Any CPU.Build.0 = Release|Any CPU
	EndGlobalSection
	GlobalSection(SolutionProperties) = preSolution
		HideSolutionNode = FALSE
	EndGlobalSection
	GlobalSection(ExtensibilityGlobals) = postSolution
		SolutionGuid = {EAB78832-9999-40BB-ABE2-29284DEA5004}
	EndGlobalSection
EndGlobal
