
Microsoft Visual Studio Solution File, Format Version 12.00
# Visual Studio Version 17
VisualStudioVersion = 17.0.31903.59
MinimumVisualStudioVersion = 10.0.40219.1
Project("{2150E333-8FDC-42A3-9474-1A3956D46DE8}") = "swinadventuretest", "swinadventuretest", "{87EE38B5-F774-2A2B-176F-C627A0C907B4}"
EndProject
Project("{FAE04EC0-301F-11D3-BF4B-00C04F79EFBC}") = "SwinAdventureTest", "swinadventuretest\SwinAdventureTest.csproj", "{89F5F42C-C8D1-416D-AECF-F22DE73A3F45}"
EndProject
Global
	GlobalSection(SolutionConfigurationPlatforms) = preSolution
		Debug|Any CPU = Debug|Any CPU
		Debug|x64 = Debug|x64
		Debug|x86 = Debug|x86
		Release|Any CPU = Release|Any CPU
		Release|x64 = Release|x64
		Release|x86 = Release|x86
	EndGlobalSection
	GlobalSection(ProjectConfigurationPlatforms) = postSolution
		{89F5F42C-C8D1-416D-AECF-F22DE73A3F45}.Debug|Any CPU.ActiveCfg = Debug|Any CPU
		{89F5F42C-C8D1-416D-AECF-F22DE73A3F45}.Debug|Any CPU.Build.0 = Debug|Any CPU
		{89F5F42C-C8D1-416D-AECF-F22DE73A3F45}.Debug|x64.ActiveCfg = Debug|Any CPU
		{89F5F42C-C8D1-416D-AECF-F22DE73A3F45}.Debug|x64.Build.0 = Debug|Any CPU
		{89F5F42C-C8D1-416D-AECF-F22DE73A3F45}.Debug|x86.ActiveCfg = Debug|Any CPU
		{89F5F42C-C8D1-416D-AECF-F22DE73A3F45}.Debug|x86.Build.0 = Debug|Any CPU
		{89F5F42C-C8D1-416D-AECF-F22DE73A3F45}.Release|Any CPU.ActiveCfg = Release|Any CPU
		{89F5F42C-C8D1-416D-AECF-F22DE73A3F45}.Release|Any CPU.Build.0 = Release|Any CPU
		{89F5F42C-C8D1-416D-AECF-F22DE73A3F45}.Release|x64.ActiveCfg = Release|Any CPU
		{89F5F42C-C8D1-416D-AECF-F22DE73A3F45}.Release|x64.Build.0 = Release|Any CPU
		{89F5F42C-C8D1-416D-AECF-F22DE73A3F45}.Release|x86.ActiveCfg = Release|Any CPU
		{89F5F42C-C8D1-416D-AECF-F22DE73A3F45}.Release|x86.Build.0 = Release|Any CPU
	EndGlobalSection
	GlobalSection(SolutionProperties) = preSolution
		HideSolutionNode = FALSE
	EndGlobalSection
	GlobalSection(NestedProjects) = preSolution
		{89F5F42C-C8D1-416D-AECF-F22DE73A3F45} = {87EE38B5-F774-2A2B-176F-C627A0C907B4}
	EndGlobalSection
EndGlobal
